// !$*UTF8*$!
{
	archiveVersion = 1;
	classes = {
	};
	objectVersion = 56;
	objects = {

/* Begin PBXBuildFile section */
		9851C21E293876A1002AE64D /* AppDelegate.m in Sources */ = {isa = PBXBuildFile; fileRef = 9851C21D293876A1002AE64D /* AppDelegate.m */; };
		9851C221293876A1002AE64D /* SceneDelegate.m in Sources */ = {isa = PBXBuildFile; fileRef = 9851C220293876A1002AE64D /* SceneDelegate.m */; };
		9851C224293876A1002AE64D /* ViewController.m in Sources */ = {isa = PBXBuildFile; fileRef = 9851C223293876A1002AE64D /* ViewController.m */; };
		9851C227293876A1002AE64D /* Main.storyboard in Resources */ = {isa = PBXBuildFile; fileRef = 9851C225293876A1002AE64D /* Main.storyboard */; };
		9851C229293876A2002AE64D /* Assets.xcassets in Resources */ = {isa = PBXBuildFile; fileRef = 9851C228293876A2002AE64D /* Assets.xcassets */; };
		9851C22C293876A2002AE64D /* LaunchScreen.storyboard in Resources */ = {isa = PBXBuildFile; fileRef = 9851C22A293876A2002AE64D /* LaunchScreen.storyboard */; };
		9851C22F293876A2002AE64D /* main.m in Sources */ = {isa = PBXBuildFile; fileRef = 9851C22E293876A2002AE64D /* main.m */; };
		9851C23729387945002AE64D /* MainViewController.m in Sources */ = {isa = PBXBuildFile; fileRef = 9851C23629387945002AE64D /* MainViewController.m */; };
		9851C23A29388A53002AE64D /* MainClockView.m in Sources */ = {isa = PBXBuildFile; fileRef = 9851C23929388A53002AE64D /* MainClockView.m */; };
		9851C23C29388CDB002AE64D /* clock.png in Resources */ = {isa = PBXBuildFile; fileRef = 9851C23B29388CDB002AE64D /* clock.png */; };
		9851C23F293899B8002AE64D /* SetupViewController.m in Sources */ = {isa = PBXBuildFile; fileRef = 9851C23E293899B8002AE64D /* SetupViewController.m */; };
/* End PBXBuildFile section */

/* Begin PBXFileReference section */
		9851C219293876A1002AE64D /* T5AlaramApp2.app */ = {isa = PBXFileReference; explicitFileType = wrapper.application; includeInIndex = 0; path = T5AlaramApp2.app; sourceTree = BUILT_PRODUCTS_DIR; };
		9851C21C293876A1002AE64D /* AppDelegate.h */ = {isa = PBXFileReference; lastKnownFileType = sourcecode.c.h; path = AppDelegate.h; sourceTree = "<group>"; };
		9851C21D293876A1002AE64D /* AppDelegate.m */ = {isa = PBXFileReference; lastKnownFileType = sourcecode.c.objc; path = AppDelegate.m; sourceTree = "<group>"; };
		9851C21F293876A1002AE64D /* SceneDelegate.h */ = {isa = PBXFileReference; lastKnownFileType = sourcecode.c.h; path = SceneDelegate.h; sourceTree = "<group>"; };
		9851C220293876A1002AE64D /* SceneDelegate.m */ = {isa = PBXFileReference; lastKnownFileType = sourcecode.c.objc; path = SceneDelegate.m; sourceTree = "<group>"; };
		9851C222293876A1002AE64D /* ViewController.h */ = {isa = PBXFileReference; lastKnownFileType = sourcecode.c.h; path = ViewController.h; sourceTree = "<group>"; };
		9851C223293876A1002AE64D /* ViewController.m */ = {isa = PBXFileReference; lastKnownFileType = sourcecode.c.objc; path = ViewController.m; sourceTree = "<group>"; };
		9851C226293876A1002AE64D /* Base */ = {isa = PBXFileReference; lastKnownFileType = file.storyboard; name = Base; path = Base.lproj/Main.storyboard; sourceTree = "<group>"; };
		9851C228293876A2002AE64D /* Assets.xcassets */ = {isa = PBXFileReference; lastKnownFileType = folder.assetcatalog; path = Assets.xcassets; sourceTree = "<group>"; };
		9851C22B293876A2002AE64D /* Base */ = {isa = PBXFileReference; lastKnownFileType = file.storyboard; name = Base; path = Base.lproj/LaunchScreen.storyboard; sourceTree = "<group>"; };
		9851C22D293876A2002AE64D /* Info.plist */ = {isa = PBXFileReference; lastKnownFileType = text.plist.xml; path = Info.plist; sourceTree = "<group>"; };
		9851C22E293876A2002AE64D /* main.m */ = {isa = PBXFileReference; lastKnownFileType = sourcecode.c.objc; path = main.m; sourceTree = "<group>"; };
		9851C23529387945002AE64D /* MainViewController.h */ = {isa = PBXFileReference; lastKnownFileType = sourcecode.c.h; path = MainViewController.h; sourceTree = "<group>"; };
		9851C23629387945002AE64D /* MainViewController.m */ = {isa = PBXFileReference; lastKnownFileType = sourcecode.c.objc; path = MainViewController.m; sourceTree = "<group>"; };
		9851C23829388A53002AE64D /* MainClockView.h */ = {isa = PBXFileReference; lastKnownFileType = sourcecode.c.h; path = MainClockView.h; sourceTree = "<group>"; };
		9851C23929388A53002AE64D /* MainClockView.m */ = {isa = PBXFileReference; lastKnownFileType = sourcecode.c.objc; path = MainClockView.m; sourceTree = "<group>"; };
		9851C23B29388CDB002AE64D /* clock.png */ = {isa = PBXFileReference; lastKnownFileType = image.png; path = clock.png; sourceTree = "<group>"; };
		9851C23D293899B8002AE64D /* SetupViewController.h */ = {isa = PBXFileReference; lastKnownFileType = sourcecode.c.h; path = SetupViewController.h; sourceTree = "<group>"; };
		9851C23E293899B8002AE64D /* SetupViewController.m */ = {isa = PBXFileReference; lastKnownFileType = sourcecode.c.objc; path = SetupViewController.m; sourceTree = "<group>"; };
/* End PBXFileReference section */

/* Begin PBXFrameworksBuildPhase section */
		9851C216293876A1002AE64D /* Frameworks */ = {
			isa = PBXFrameworksBuildPhase;
			buildActionMask = 2147483647;
			files = (
			);
			runOnlyForDeploymentPostprocessing = 0;
		};
/* End PBXFrameworksBuildPhase section */

/* Begin PBXGroup section */
		9851C210293876A1002AE64D = {
			isa = PBXGroup;
			children = (
				9851C21B293876A1002AE64D /* T5AlaramApp2 */,
				9851C21A293876A1002AE64D /* Products */,
			);
			sourceTree = "<group>";
		};
		9851C21A293876A1002AE64D /* Products */ = {
			isa = PBXGroup;
			children = (
				9851C219293876A1002AE64D /* T5AlaramApp2.app */,
			);
			name = Products;
			sourceTree = "<group>";
		};
		9851C21B293876A1002AE64D /* T5AlaramApp2 */ = {
			isa = PBXGroup;
			children = (
				9851C21C293876A1002AE64D /* AppDelegate.h */,
				9851C21D293876A1002AE64D /* AppDelegate.m */,
				9851C21F293876A1002AE64D /* SceneDelegate.h */,
				9851C220293876A1002AE64D /* SceneDelegate.m */,
				9851C222293876A1002AE64D /* ViewController.h */,
				9851C223293876A1002AE64D /* ViewController.m */,
				9851C225293876A1002AE64D /* Main.storyboard */,
				9851C23D293899B8002AE64D /* SetupViewController.h */,
				9851C23E293899B8002AE64D /* SetupViewController.m */,
				9851C23829388A53002AE64D /* MainClockView.h */,
				9851C23929388A53002AE64D /* MainClockView.m */,
				9851C23529387945002AE64D /* MainViewController.h */,
				9851C23629387945002AE64D /* MainViewController.m */,
				9851C228293876A2002AE64D /* Assets.xcassets */,
				9851C22A293876A2002AE64D /* LaunchScreen.storyboard */,
				9851C22D293876A2002AE64D /* Info.plist */,
				9851C22E293876A2002AE64D /* main.m */,
				9851C23B29388CDB002AE64D /* clock.png */,
			);
			path = T5AlaramApp2;
			sourceTree = "<group>";
		};
/* End PBXGroup section */

/* Begin PBXNativeTarget section */
		9851C218293876A1002AE64D /* T5AlaramApp2 */ = {
			isa = PBXNativeTarget;
			buildConfigurationList = 9851C232293876A2002AE64D /* Build configuration list for PBXNativeTarget "T5AlaramApp2" */;
			buildPhases = (
				9851C215293876A1002AE64D /* Sources */,
				9851C216293876A1002AE64D /* Frameworks */,
				9851C217293876A1002AE64D /* Resources */,
			);
			buildRules = (
			);
			dependencies = (
			);
			name = T5AlaramApp2;
			productName = T5AlaramApp2;
			productReference = 9851C219293876A1002AE64D /* T5AlaramApp2.app */;
			productType = "com.apple.product-type.application";
		};
/* End PBXNativeTarget section */

/* Begin PBXProject section */
		9851C211293876A1002AE64D /* Project object */ = {
			isa = PBXProject;
			attributes = {
				BuildIndependentTargetsInParallel = 1;
				LastUpgradeCheck = 1410;
				TargetAttributes = {
					9851C218293876A1002AE64D = {
						CreatedOnToolsVersion = 14.1;
					};
				};
			};
			buildConfigurationList = 9851C214293876A1002AE64D /* Build configuration list for PBXProject "T5AlaramApp2" */;
			compatibilityVersion = "Xcode 14.0";
			developmentRegion = en;
			hasScannedForEncodings = 0;
			knownRegions = (
				en,
				Base,
			);
			mainGroup = 9851C210293876A1002AE64D;
			productRefGroup = 9851C21A293876A1002AE64D /* Products */;
			projectDirPath = "";
			projectRoot = "";
			targets = (
				9851C218293876A1002AE64D /* T5AlaramApp2 */,
			);
		};
/* End PBXProject section */

/* Begin PBXResourcesBuildPhase section */
		9851C217293876A1002AE64D /* Resources */ = {
			isa = PBXResourcesBuildPhase;
			buildActionMask = 2147483647;
			files = (
				9851C23C29388CDB002AE64D /* clock.png in Resources */,
				9851C22C293876A2002AE64D /* LaunchScreen.storyboard in Resources */,
				9851C229293876A2002AE64D /* Assets.xcassets in Resources */,
				9851C227293876A1002AE64D /* Main.storyboard in Resources */,
			);
			runOnlyForDeploymentPostprocessing = 0;
		};
/* End PBXResourcesBuildPhase section */

/* Begin PBXSourcesBuildPhase section */
		9851C215293876A1002AE64D /* Sources */ = {
			isa = PBXSourcesBuildPhase;
			buildActionMask = 2147483647;
			files = (
				9851C23A29388A53002AE64D /* MainClockView.m in Sources */,
				9851C224293876A1002AE64D /* ViewController.m in Sources */,
				9851C23F293899B8002AE64D /* SetupViewController.m in Sources */,
				9851C21E293876A1002AE64D /* AppDelegate.m in Sources */,
				9851C22F293876A2002AE64D /* main.m in Sources */,
				9851C23729387945002AE64D /* MainViewController.m in Sources */,
				9851C221293876A1002AE64D /* SceneDelegate.m in Sources */,
			);
			runOnlyForDeploymentPostprocessing = 0;
		};
/* End PBXSourcesBuildPhase section */

/* Begin PBXVariantGroup section */
		9851C225293876A1002AE64D /* Main.storyboard */ = {
			isa = PBXVariantGroup;
			children = (
				9851C226293876A1002AE64D /* Base */,
			);
			name = Main.storyboard;
			sourceTree = "<group>";
		};
		9851C22A293876A2002AE64D /* LaunchScreen.storyboard */ = {
			isa = PBXVariantGroup;
			children = (
				9851C22B293876A2002AE64D /* Base */,
			);
			name = LaunchScreen.storyboard;
			sourceTree = "<group>";
		};
/* End PBXVariantGroup section */

/* Begin XCBuildConfiguration section */
		9851C230293876A2002AE64D /* Debug */ = {
			isa = XCBuildConfiguration;
			buildSettings = {
				ALWAYS_SEARCH_USER_PATHS = NO;
				CLANG_ANALYZER_NONNULL = YES;
				CLANG_ANALYZER_NUMBER_OBJECT_CONVERSION = YES_AGGRESSIVE;
				CLANG_CXX_LANGUAGE_STANDARD = "gnu++20";
				CLANG_ENABLE_MODULES = YES;
				CLANG_ENABLE_OBJC_ARC = YES;
				CLANG_ENABLE_OBJC_WEAK = YES;
				CLANG_WARN_BLOCK_CAPTURE_AUTORELEASING = YES;
				CLANG_WARN_BOOL_CONVERSION = YES;
				CLANG_WARN_COMMA = YES;
				CLANG_WARN_CONSTANT_CONVERSION = YES;
				CLANG_WARN_DEPRECATED_OBJC_IMPLEMENTATIONS = YES;
				CLANG_WARN_DIRECT_OBJC_ISA_USAGE = YES_ERROR;
				CLANG_WARN_DOCUMENTATION_COMMENTS = YES;
				CLANG_WARN_EMPTY_BODY = YES;
				CLANG_WARN_ENUM_CONVERSION = YES;
				CLANG_WARN_INFINITE_RECURSION = YES;
				CLANG_WARN_INT_CONVERSION = YES;
				CLANG_WARN_NON_LITERAL_NULL_CONVERSION = YES;
				CLANG_WARN_OBJC_IMPLICIT_RETAIN_SELF = YES;
				CLANG_WARN_OBJC_LITERAL_CONVERSION = YES;
				CLANG_WARN_OBJC_ROOT_CLASS = YES_ERROR;
				CLANG_WARN_QUOTED_INCLUDE_IN_FRAMEWORK_HEADER = YES;
				CLANG_WARN_RANGE_LOOP_ANALYSIS = YES;
				CLANG_WARN_STRICT_PROTOTYPES = YES;
				CLANG_WARN_SUSPICIOUS_MOVE = YES;
				CLANG_WARN_UNGUARDED_AVAILABILITY = YES_AGGRESSIVE;
				CLANG_WARN_UNREACHABLE_CODE = YES;
				CLANG_WARN__DUPLICATE_METHOD_MATCH = YES;
				COPY_PHASE_STRIP = NO;
				DEBUG_INFORMATION_FORMAT = dwarf;
				ENABLE_STRICT_OBJC_MSGSEND = YES;
				ENABLE_TESTABILITY = YES;
				GCC_C_LANGUAGE_STANDARD = gnu11;
				GCC_DYNAMIC_NO_PIC = NO;
				GCC_NO_COMMON_BLOCKS = YES;
				GCC_OPTIMIZATION_LEVEL = 0;
				GCC_PREPROCESSOR_DEFINITIONS = (
					"DEBUG=1",
					"$(inherited)",
				);
				GCC_WARN_64_TO_32_BIT_CONVERSION = YES;
				GCC_WARN_ABOUT_RETURN_TYPE = YES_ERROR;
				GCC_WARN_UNDECLARED_SELECTOR = YES;
				GCC_WARN_UNINITIALIZED_AUTOS = YES_AGGRESSIVE;
				GCC_WARN_UNUSED_FUNCTION = YES;
				GCC_WARN_UNUSED_VARIABLE = YES;
				IPHONEOS_DEPLOYMENT_TARGET = 16.1;
				MTL_ENABLE_DEBUG_INFO = INCLUDE_SOURCE;
				MTL_FAST_MATH = YES;
				ONLY_ACTIVE_ARCH = YES;
				SDKROOT = iphoneos;
			};
			name = Debug;
		};
		9851C231293876A2002AE64D /* Release */ = {
			isa = XCBuildConfiguration;
			buildSettings = {
				ALWAYS_SEARCH_USER_PATHS = NO;
				CLANG_ANALYZER_NONNULL = YES;
				CLANG_ANALYZER_NUMBER_OBJECT_CONVERSION = YES_AGGRESSIVE;
				CLANG_CXX_LANGUAGE_STANDARD = "gnu++20";
				CLANG_ENABLE_MODULES = YES;
				CLANG_ENABLE_OBJC_ARC = YES;
				CLANG_ENABLE_OBJC_WEAK = YES;
				CLANG_WARN_BLOCK_CAPTURE_AUTORELEASING = YES;
				CLANG_WARN_BOOL_CONVERSION = YES;
				CLANG_WARN_COMMA = YES;
				CLANG_WARN_CONSTANT_CONVERSION = YES;
				CLANG_WARN_DEPRECATED_OBJC_IMPLEMENTATIONS = YES;
				CLANG_WARN_DIRECT_OBJC_ISA_USAGE = YES_ERROR;
				CLANG_WARN_DOCUMENTATION_COMMENTS = YES;
				CLANG_WARN_EMPTY_BODY = YES;
				CLANG_WARN_ENUM_CONVERSION = YES;
				CLANG_WARN_INFINITE_RECURSION = YES;
				CLANG_WARN_INT_CONVERSION = YES;
				CLANG_WARN_NON_LITERAL_NULL_CONVERSION = YES;
				CLANG_WARN_OBJC_IMPLICIT_RETAIN_SELF = YES;
				CLANG_WARN_OBJC_LITERAL_CONVERSION = YES;
				CLANG_WARN_OBJC_ROOT_CLASS = YES_ERROR;
				CLANG_WARN_QUOTED_INCLUDE_IN_FRAMEWORK_HEADER = YES;
				CLANG_WARN_RANGE_LOOP_ANALYSIS = YES;
				CLANG_WARN_STRICT_PROTOTYPES = YES;
				CLANG_WARN_SUSPICIOUS_MOVE = YES;
				CLANG_WARN_UNGUARDED_AVAILABILITY = YES_AGGRESSIVE;
				CLANG_WARN_UNREACHABLE_CODE = YES;
				CLANG_WARN__DUPLICATE_METHOD_MATCH = YES;
				COPY_PHASE_STRIP = NO;
				DEBUG_INFORMATION_FORMAT = "dwarf-with-dsym";
				ENABLE_NS_ASSERTIONS = NO;
				ENABLE_STRICT_OBJC_MSGSEND = YES;
				GCC_C_LANGUAGE_STANDARD = gnu11;
				GCC_NO_COMMON_BLOCKS = YES;
				GCC_WARN_64_TO_32_BIT_CONVERSION = YES;
				GCC_WARN_ABOUT_RETURN_TYPE = YES_ERROR;
				GCC_WARN_UNDECLARED_SELECTOR = YES;
				GCC_WARN_UNINITIALIZED_AUTOS = YES_AGGRESSIVE;
				GCC_WARN_UNUSED_FUNCTION = YES;
				GCC_WARN_UNUSED_VARIABLE = YES;
				IPHONEOS_DEPLOYMENT_TARGET = 16.1;
				MTL_ENABLE_DEBUG_INFO = NO;
				MTL_FAST_MATH = YES;
				SDKROOT = iphoneos;
				VALIDATE_PRODUCT = YES;
			};
			name = Release;
		};
		9851C233293876A2002AE64D /* Debug */ = {
			isa = XCBuildConfiguration;
			buildSettings = {
				ASSETCATALOG_COMPILER_APPICON_NAME = AppIcon;
				ASSETCATALOG_COMPILER_GLOBAL_ACCENT_COLOR_NAME = AccentColor;
				CODE_SIGN_STYLE = Automatic;
				CURRENT_PROJECT_VERSION = 1;
				GENERATE_INFOPLIST_FILE = YES;
				INFOPLIST_FILE = T5AlaramApp2/Info.plist;
				INFOPLIST_KEY_UIApplicationSupportsIndirectInputEvents = YES;
				INFOPLIST_KEY_UILaunchStoryboardName = LaunchScreen;
				INFOPLIST_KEY_UIMainStoryboardFile = Main;
				INFOPLIST_KEY_UISupportedInterfaceOrientations_iPad = "UIInterfaceOrientationPortrait UIInterfaceOrientationPortraitUpsideDown UIInterfaceOrientationLandscapeLeft UIInterfaceOrientationLandscapeRight";
				INFOPLIST_KEY_UISupportedInterfaceOrientations_iPhone = "UIInterfaceOrientationPortrait UIInterfaceOrientationLandscapeLeft UIInterfaceOrientationLandscapeRight";
				LD_RUNPATH_SEARCH_PATHS = (
					"$(inherited)",
					"@executable_path/Frameworks",
				);
				MARKETING_VERSION = 1.0;
				PRODUCT_BUNDLE_IDENTIFIER = com.vivakorea.T5AlaramApp2;
				PRODUCT_NAME = "$(TARGET_NAME)";
				SWIFT_EMIT_LOC_STRINGS = YES;
				TARGETED_DEVICE_FAMILY = "1,2";
			};
			name = Debug;
		};
		9851C234293876A2002AE64D /* Release */ = {
			isa = XCBuildConfiguration;
			buildSettings = {
				ASSETCATALOG_COMPILER_APPICON_NAME = AppIcon;
				ASSETCATALOG_COMPILER_GLOBAL_ACCENT_COLOR_NAME = AccentColor;
				CODE_SIGN_STYLE = Automatic;
				CURRENT_PROJECT_VERSION = 1;
				GENERATE_INFOPLIST_FILE = YES;
				INFOPLIST_FILE = T5AlaramApp2/Info.plist;
				INFOPLIST_KEY_UIApplicationSupportsIndirectInputEvents = YES;
				INFOPLIST_KEY_UILaunchStoryboardName = LaunchScreen;
				INFOPLIST_KEY_UIMainStoryboardFile = Main;
				INFOPLIST_KEY_UISupportedInterfaceOrientations_iPad = "UIInterfaceOrientationPortrait UIInterfaceOrientationPortraitUpsideDown UIInterfaceOrientationLandscapeLeft UIInterfaceOrientationLandscapeRight";
				INFOPLIST_KEY_UISupportedInterfaceOrientations_iPhone = "UIInterfaceOrientationPortrait UIInterfaceOrientationLandscapeLeft UIInterfaceOrientationLandscapeRight";
				LD_RUNPATH_SEARCH_PATHS = (
					"$(inherited)",
					"@executable_path/Frameworks",
				);
				MARKETING_VERSION = 1.0;
				PRODUCT_BUNDLE_IDENTIFIER = com.vivakorea.T5AlaramApp2;
				PRODUCT_NAME = "$(TARGET_NAME)";
				SWIFT_EMIT_LOC_STRINGS = YES;
				TARGETED_DEVICE_FAMILY = "1,2";
			};
			name = Release;
		};
/* End XCBuildConfiguration section */

/* Begin XCConfigurationList section */
		9851C214293876A1002AE64D /* Build configuration list for PBXProject "T5AlaramApp2" */ = {
			isa = XCConfigurationList;
			buildConfigurations = (
				9851C230293876A2002AE64D /* Debug */,
				9851C231293876A2002AE64D /* Release */,
			);
			defaultConfigurationIsVisible = 0;
			defaultConfigurationName = Release;
		};
		9851C232293876A2002AE64D /* Build configuration list for PBXNativeTarget "T5AlaramApp2" */ = {
			isa = XCConfigurationList;
			buildConfigurations = (
				9851C233293876A2002AE64D /* Debug */,
				9851C234293876A2002AE64D /* Release */,
			);
			defaultConfigurationIsVisible = 0;
			defaultConfigurationName = Release;
		};
/* End XCConfigurationList section */
	};
	rootObject = 9851C211293876A1002AE64D /* Project object */;
}
